
Microsoft Visual Studio Solution File, Format Version 12.00
# Visual Studio Version 16
VisualStudioVersion = 16.0.30804.86
MinimumVisualStudioVersion = 10.0.40219.1
Project("{FAE04EC0-301F-11D3-BF4B-00C04F79EFBC}") = "API", "API\API.csproj", "{3339C61E-6DC1-4D77-A45F-EF3EA97DD753}"
EndProject
Project("{FAE04EC0-301F-11D3-BF4B-00C04F79EFBC}") = "Client", "Client\Client.csproj", "{67A675A0-EACA-405A-A865-22498A624E22}"
EndProject
Global
	GlobalSection(SolutionConfigurationPlatforms) = preSolution
		Debug|Any CPU = Debug|Any CPU
		Release|Any CPU = Release|Any CPU
	EndGlobalSection
	GlobalSection(ProjectConfigurationPlatforms) = postSolution
		{3339C61E-6DC1-4D77-A45F-EF3EA97DD753}.Debug|Any CPU.ActiveCfg = Debug|Any CPU
		{3339C61E-6DC1-4D77-A45F-EF3EA97DD753}.Debug|Any CPU.Build.0 = Debug|Any CPU
		{3339C61E-6DC1-4D77-A45F-EF3EA97DD753}.Release|Any CPU.ActiveCfg = Release|Any CPU
		{3339C61E-6DC1-4D77-A45F-EF3EA97DD753}.Release|Any CPU.Build.0 = Release|Any CPU
		{67A675A0-EACA-405A-A865-22498A624E22}.Debug|Any CPU.ActiveCfg = Debug|Any CPU
		{67A675A0-EACA-405A-A865-22498A624E22}.Debug|Any CPU.Build.0 = Debug|Any CPU
		{67A675A0-EACA-405A-A865-22498A624E22}.Release|Any CPU.ActiveCfg = Release|Any CPU
		{67A675A0-EACA-405A-A865-22498A624E22}.Release|Any CPU.Build.0 = Release|Any CPU
	EndGlobalSection
	GlobalSection(SolutionProperties) = preSolution
		HideSolutionNode = FALSE
	EndGlobalSection
	GlobalSection(ExtensibilityGlobals) = postSolution
		SolutionGuid = {575F0E25-4AF1-482E-B241-6C9CDCDFDB5F}
	EndGlobalSection
EndGlobal
